
Microsoft Visual Studio Solution File, Format Version 12.00
# Visual Studio Version 17
VisualStudioVersion = 17.13.35825.156
MinimumVisualStudioVersion = 10.0.40219.1
Project("{2150E333-8FDC-42A3-9474-1A3956D46DE8}") = "Samples", "Samples", "{1D6CB927-3FCF-47B3-B955-8AAC8E14BD5F}"
EndProject
Project("{2150E333-8FDC-42A3-9474-1A3956D46DE8}") = "Minimal", "Minimal", "{A798C46B-515F-4E66-ACAE-5349DE0CE3AC}"
EndProject
Project("{F2A71F9B-5D33-465A-A702-920D77279786}") = "RTOpenAI.Sample", "src\Samples\Minimal\RTOpenAI.Sample\RTOpenAI.Sample.fsproj", "{08274581-5DF3-432C-A13B-5F2603632BC6}"
EndProject
Project("{2150E333-8FDC-42A3-9474-1A3956D46DE8}") = "PlanSelection", "PlanSelection", "{51DC2AF4-8E79-4742-9B96-D84686E56B84}"
EndProject
Project("{F2A71F9B-5D33-465A-A702-920D77279786}") = "RT.Assistant", "src\Samples\PlanSelection\RT.Assistant\RT.Assistant.fsproj", "{4A295BA7-B469-4BF7-998B-F12A4F0EFAF5}"
EndProject
Project("{2150E333-8FDC-42A3-9474-1A3956D46DE8}") = "Bindings", "Bindings", "{BC1B522A-97E6-46A7-8279-A6530B05B7FD}"
EndProject
Project("{FAE04EC0-301F-11D3-BF4B-00C04F79EFBC}") = "WebRTCme.Bindings.Maui.Android", "src\Bindings\WebRTCme.Bindings.Maui.Android\WebRTCme.Bindings.Maui.Android.csproj", "{58C8F2EB-5F9F-42FA-A9EF-8417C2995EF6}"
EndProject
Project("{FAE04EC0-301F-11D3-BF4B-00C04F79EFBC}") = "WebRTCme.Bindings.Maui.iOS", "src\Bindings\WebRTCme.Bindings.Maui.iOS\WebRTCme.Bindings.Maui.iOS.csproj", "{671D05DD-171A-4531-96DE-5A5615B16765}"
EndProject
Project("{F2A71F9B-5D33-465A-A702-920D77279786}") = "RTOpenAI.Api", "src\RTOpenAI.Api\RTOpenAI.Api.fsproj", "{8077CE73-C036-41C6-8DF1-21FA4FD7032A}"
EndProject
Project("{FAE04EC0-301F-11D3-BF4B-00C04F79EFBC}") = "SwiPlcsCore", "src\Samples\PlanSelection\SwiPlcsCore\SwiPlcsCore.csproj", "{3687C981-CF03-4428-B1F3-3C4B328DD9B1}"
EndProject
Project("{F2A71F9B-5D33-465A-A702-920D77279786}") = "EvalProlog", "src\Samples\PlanSelection\EvalProlog\EvalProlog.fsproj", "{539C6972-48BF-430D-AFF7-EDA5AA4CDAA2}"
EndProject
Project("{2150E333-8FDC-42A3-9474-1A3956D46DE8}") = "Solution Items", "Solution Items", "{8EC462FD-D22E-90A8-E5CE-7E832BA40C5D}"
	ProjectSection(SolutionItems) = preProject
		Nuget.Config = Nuget.Config
	EndProjectSection
EndProject
Global
	GlobalSection(SolutionConfigurationPlatforms) = preSolution
		Debug|Any CPU = Debug|Any CPU
		Debug|ARM64 = Debug|ARM64
		Debug|x64 = Debug|x64
		Debug|x86 = Debug|x86
		Release|Any CPU = Release|Any CPU
		Release|ARM64 = Release|ARM64
		Release|x64 = Release|x64
		Release|x86 = Release|x86
	EndGlobalSection
	GlobalSection(ProjectConfigurationPlatforms) = postSolution
		{08274581-5DF3-432C-A13B-5F2603632BC6}.Debug|Any CPU.ActiveCfg = Debug|Any CPU
		{08274581-5DF3-432C-A13B-5F2603632BC6}.Debug|Any CPU.Build.0 = Debug|Any CPU
		{08274581-5DF3-432C-A13B-5F2603632BC6}.Debug|Any CPU.Deploy.0 = Debug|Any CPU
		{08274581-5DF3-432C-A13B-5F2603632BC6}.Debug|ARM64.ActiveCfg = Debug|Any CPU
		{08274581-5DF3-432C-A13B-5F2603632BC6}.Debug|ARM64.Build.0 = Debug|Any CPU
		{08274581-5DF3-432C-A13B-5F2603632BC6}.Debug|ARM64.Deploy.0 = Debug|Any CPU
		{08274581-5DF3-432C-A13B-5F2603632BC6}.Debug|x64.ActiveCfg = Debug|Any CPU
		{08274581-5DF3-432C-A13B-5F2603632BC6}.Debug|x64.Build.0 = Debug|Any CPU
		{08274581-5DF3-432C-A13B-5F2603632BC6}.Debug|x64.Deploy.0 = Debug|Any CPU
		{08274581-5DF3-432C-A13B-5F2603632BC6}.Debug|x86.ActiveCfg = Debug|Any CPU
		{08274581-5DF3-432C-A13B-5F2603632BC6}.Debug|x86.Build.0 = Debug|Any CPU
		{08274581-5DF3-432C-A13B-5F2603632BC6}.Debug|x86.Deploy.0 = Debug|Any CPU
		{08274581-5DF3-432C-A13B-5F2603632BC6}.Release|Any CPU.ActiveCfg = Release|Any CPU
		{08274581-5DF3-432C-A13B-5F2603632BC6}.Release|Any CPU.Build.0 = Release|Any CPU
		{08274581-5DF3-432C-A13B-5F2603632BC6}.Release|ARM64.ActiveCfg = Release|Any CPU
		{08274581-5DF3-432C-A13B-5F2603632BC6}.Release|ARM64.Build.0 = Release|Any CPU
		{08274581-5DF3-432C-A13B-5F2603632BC6}.Release|ARM64.Deploy.0 = Release|Any CPU
		{08274581-5DF3-432C-A13B-5F2603632BC6}.Release|x64.ActiveCfg = Release|Any CPU
		{08274581-5DF3-432C-A13B-5F2603632BC6}.Release|x64.Build.0 = Release|Any CPU
		{08274581-5DF3-432C-A13B-5F2603632BC6}.Release|x64.Deploy.0 = Release|Any CPU
		{08274581-5DF3-432C-A13B-5F2603632BC6}.Release|x86.ActiveCfg = Release|Any CPU
		{08274581-5DF3-432C-A13B-5F2603632BC6}.Release|x86.Build.0 = Release|Any CPU
		{08274581-5DF3-432C-A13B-5F2603632BC6}.Release|x86.Deploy.0 = Release|Any CPU
		{4A295BA7-B469-4BF7-998B-F12A4F0EFAF5}.Debug|Any CPU.ActiveCfg = Debug|Any CPU
		{4A295BA7-B469-4BF7-998B-F12A4F0EFAF5}.Debug|Any CPU.Build.0 = Debug|Any CPU
		{4A295BA7-B469-4BF7-998B-F12A4F0EFAF5}.Debug|Any CPU.Deploy.0 = Debug|Any CPU
		{4A295BA7-B469-4BF7-998B-F12A4F0EFAF5}.Debug|ARM64.ActiveCfg = Debug|Any CPU
		{4A295BA7-B469-4BF7-998B-F12A4F0EFAF5}.Debug|ARM64.Build.0 = Debug|Any CPU
		{4A295BA7-B469-4BF7-998B-F12A4F0EFAF5}.Debug|ARM64.Deploy.0 = Debug|Any CPU
		{4A295BA7-B469-4BF7-998B-F12A4F0EFAF5}.Debug|x64.ActiveCfg = Debug|Any CPU
		{4A295BA7-B469-4BF7-998B-F12A4F0EFAF5}.Debug|x64.Build.0 = Debug|Any CPU
		{4A295BA7-B469-4BF7-998B-F12A4F0EFAF5}.Debug|x64.Deploy.0 = Debug|Any CPU
		{4A295BA7-B469-4BF7-998B-F12A4F0EFAF5}.Debug|x86.ActiveCfg = Debug|Any CPU
		{4A295BA7-B469-4BF7-998B-F12A4F0EFAF5}.Debug|x86.Build.0 = Debug|Any CPU
		{4A295BA7-B469-4BF7-998B-F12A4F0EFAF5}.Debug|x86.Deploy.0 = Debug|Any CPU
		{4A295BA7-B469-4BF7-998B-F12A4F0EFAF5}.Release|Any CPU.ActiveCfg = Release|Any CPU
		{4A295BA7-B469-4BF7-998B-F12A4F0EFAF5}.Release|Any CPU.Build.0 = Release|Any CPU
		{4A295BA7-B469-4BF7-998B-F12A4F0EFAF5}.Release|ARM64.ActiveCfg = Release|Any CPU
		{4A295BA7-B469-4BF7-998B-F12A4F0EFAF5}.Release|ARM64.Build.0 = Release|Any CPU
		{4A295BA7-B469-4BF7-998B-F12A4F0EFAF5}.Release|ARM64.Deploy.0 = Release|Any CPU
		{4A295BA7-B469-4BF7-998B-F12A4F0EFAF5}.Release|x64.ActiveCfg = Release|Any CPU
		{4A295BA7-B469-4BF7-998B-F12A4F0EFAF5}.Release|x64.Build.0 = Release|Any CPU
		{4A295BA7-B469-4BF7-998B-F12A4F0EFAF5}.Release|x64.Deploy.0 = Release|Any CPU
		{4A295BA7-B469-4BF7-998B-F12A4F0EFAF5}.Release|x86.ActiveCfg = Release|Any CPU
		{4A295BA7-B469-4BF7-998B-F12A4F0EFAF5}.Release|x86.Build.0 = Release|Any CPU
		{4A295BA7-B469-4BF7-998B-F12A4F0EFAF5}.Release|x86.Deploy.0 = Release|Any CPU
		{58C8F2EB-5F9F-42FA-A9EF-8417C2995EF6}.Debug|Any CPU.ActiveCfg = Debug|Any CPU
		{58C8F2EB-5F9F-42FA-A9EF-8417C2995EF6}.Debug|Any CPU.Build.0 = Debug|Any CPU
		{58C8F2EB-5F9F-42FA-A9EF-8417C2995EF6}.Debug|ARM64.ActiveCfg = Debug|Any CPU
		{58C8F2EB-5F9F-42FA-A9EF-8417C2995EF6}.Debug|ARM64.Build.0 = Debug|Any CPU
		{58C8F2EB-5F9F-42FA-A9EF-8417C2995EF6}.Debug|x64.ActiveCfg = Debug|Any CPU
		{58C8F2EB-5F9F-42FA-A9EF-8417C2995EF6}.Debug|x64.Build.0 = Debug|Any CPU
		{58C8F2EB-5F9F-42FA-A9EF-8417C2995EF6}.Debug|x86.ActiveCfg = Debug|Any CPU
		{58C8F2EB-5F9F-42FA-A9EF-8417C2995EF6}.Debug|x86.Build.0 = Debug|Any CPU
		{58C8F2EB-5F9F-42FA-A9EF-8417C2995EF6}.Release|Any CPU.ActiveCfg = Release|Any CPU
		{58C8F2EB-5F9F-42FA-A9EF-8417C2995EF6}.Release|Any CPU.Build.0 = Release|Any CPU
		{58C8F2EB-5F9F-42FA-A9EF-8417C2995EF6}.Release|ARM64.ActiveCfg = Release|Any CPU
		{58C8F2EB-5F9F-42FA-A9EF-8417C2995EF6}.Release|ARM64.Build.0 = Release|Any CPU
		{58C8F2EB-5F9F-42FA-A9EF-8417C2995EF6}.Release|x64.ActiveCfg = Release|Any CPU
		{58C8F2EB-5F9F-42FA-A9EF-8417C2995EF6}.Release|x64.Build.0 = Release|Any CPU
		{58C8F2EB-5F9F-42FA-A9EF-8417C2995EF6}.Release|x86.ActiveCfg = Release|Any CPU
		{58C8F2EB-5F9F-42FA-A9EF-8417C2995EF6}.Release|x86.Build.0 = Release|Any CPU
		{671D05DD-171A-4531-96DE-5A5615B16765}.Debug|Any CPU.ActiveCfg = Debug|Any CPU
		{671D05DD-171A-4531-96DE-5A5615B16765}.Debug|Any CPU.Build.0 = Debug|Any CPU
		{671D05DD-171A-4531-96DE-5A5615B16765}.Debug|ARM64.ActiveCfg = Debug|Any CPU
		{671D05DD-171A-4531-96DE-5A5615B16765}.Debug|ARM64.Build.0 = Debug|Any CPU
		{671D05DD-171A-4531-96DE-5A5615B16765}.Debug|x64.ActiveCfg = Debug|Any CPU
		{671D05DD-171A-4531-96DE-5A5615B16765}.Debug|x64.Build.0 = Debug|Any CPU
		{671D05DD-171A-4531-96DE-5A5615B16765}.Debug|x86.ActiveCfg = Debug|Any CPU
		{671D05DD-171A-4531-96DE-5A5615B16765}.Debug|x86.Build.0 = Debug|Any CPU
		{671D05DD-171A-4531-96DE-5A5615B16765}.Release|Any CPU.ActiveCfg = Release|Any CPU
		{671D05DD-171A-4531-96DE-5A5615B16765}.Release|Any CPU.Build.0 = Release|Any CPU
		{671D05DD-171A-4531-96DE-5A5615B16765}.Release|ARM64.ActiveCfg = Release|Any CPU
		{671D05DD-171A-4531-96DE-5A5615B16765}.Release|ARM64.Build.0 = Release|Any CPU
		{671D05DD-171A-4531-96DE-5A5615B16765}.Release|x64.ActiveCfg = Release|Any CPU
		{671D05DD-171A-4531-96DE-5A5615B16765}.Release|x64.Build.0 = Release|Any CPU
		{671D05DD-171A-4531-96DE-5A5615B16765}.Release|x86.ActiveCfg = Release|Any CPU
		{671D05DD-171A-4531-96DE-5A5615B16765}.Release|x86.Build.0 = Release|Any CPU
		{8077CE73-C036-41C6-8DF1-21FA4FD7032A}.Debug|Any CPU.ActiveCfg = Debug|Any CPU
		{8077CE73-C036-41C6-8DF1-21FA4FD7032A}.Debug|Any CPU.Build.0 = Debug|Any CPU
		{8077CE73-C036-41C6-8DF1-21FA4FD7032A}.Debug|ARM64.ActiveCfg = Debug|Any CPU
		{8077CE73-C036-41C6-8DF1-21FA4FD7032A}.Debug|ARM64.Build.0 = Debug|Any CPU
		{8077CE73-C036-41C6-8DF1-21FA4FD7032A}.Debug|x64.ActiveCfg = Debug|Any CPU
		{8077CE73-C036-41C6-8DF1-21FA4FD7032A}.Debug|x64.Build.0 = Debug|Any CPU
		{8077CE73-C036-41C6-8DF1-21FA4FD7032A}.Debug|x86.ActiveCfg = Debug|Any CPU
		{8077CE73-C036-41C6-8DF1-21FA4FD7032A}.Debug|x86.Build.0 = Debug|Any CPU
		{8077CE73-C036-41C6-8DF1-21FA4FD7032A}.Release|Any CPU.ActiveCfg = Release|Any CPU
		{8077CE73-C036-41C6-8DF1-21FA4FD7032A}.Release|Any CPU.Build.0 = Release|Any CPU
		{8077CE73-C036-41C6-8DF1-21FA4FD7032A}.Release|ARM64.ActiveCfg = Release|Any CPU
		{8077CE73-C036-41C6-8DF1-21FA4FD7032A}.Release|ARM64.Build.0 = Release|Any CPU
		{8077CE73-C036-41C6-8DF1-21FA4FD7032A}.Release|x64.ActiveCfg = Release|Any CPU
		{8077CE73-C036-41C6-8DF1-21FA4FD7032A}.Release|x64.Build.0 = Release|Any CPU
		{8077CE73-C036-41C6-8DF1-21FA4FD7032A}.Release|x86.ActiveCfg = Release|Any CPU
		{8077CE73-C036-41C6-8DF1-21FA4FD7032A}.Release|x86.Build.0 = Release|Any CPU
		{3687C981-CF03-4428-B1F3-3C4B328DD9B1}.Debug|Any CPU.ActiveCfg = Debug|Any CPU
		{3687C981-CF03-4428-B1F3-3C4B328DD9B1}.Debug|Any CPU.Build.0 = Debug|Any CPU
		{3687C981-CF03-4428-B1F3-3C4B328DD9B1}.Debug|ARM64.ActiveCfg = Debug|Any CPU
		{3687C981-CF03-4428-B1F3-3C4B328DD9B1}.Debug|ARM64.Build.0 = Debug|Any CPU
		{3687C981-CF03-4428-B1F3-3C4B328DD9B1}.Debug|x64.ActiveCfg = Debug|Any CPU
		{3687C981-CF03-4428-B1F3-3C4B328DD9B1}.Debug|x64.Build.0 = Debug|Any CPU
		{3687C981-CF03-4428-B1F3-3C4B328DD9B1}.Debug|x86.ActiveCfg = Debug|Any CPU
		{3687C981-CF03-4428-B1F3-3C4B328DD9B1}.Debug|x86.Build.0 = Debug|Any CPU
		{3687C981-CF03-4428-B1F3-3C4B328DD9B1}.Release|Any CPU.ActiveCfg = Release|Any CPU
		{3687C981-CF03-4428-B1F3-3C4B328DD9B1}.Release|Any CPU.Build.0 = Release|Any CPU
		{3687C981-CF03-4428-B1F3-3C4B328DD9B1}.Release|ARM64.ActiveCfg = Release|Any CPU
		{3687C981-CF03-4428-B1F3-3C4B328DD9B1}.Release|ARM64.Build.0 = Release|Any CPU
		{3687C981-CF03-4428-B1F3-3C4B328DD9B1}.Release|x64.ActiveCfg = Release|Any CPU
		{3687C981-CF03-4428-B1F3-3C4B328DD9B1}.Release|x64.Build.0 = Release|Any CPU
		{3687C981-CF03-4428-B1F3-3C4B328DD9B1}.Release|x86.ActiveCfg = Release|Any CPU
		{3687C981-CF03-4428-B1F3-3C4B328DD9B1}.Release|x86.Build.0 = Release|Any CPU
		{539C6972-48BF-430D-AFF7-EDA5AA4CDAA2}.Debug|Any CPU.ActiveCfg = Debug|Any CPU
		{539C6972-48BF-430D-AFF7-EDA5AA4CDAA2}.Debug|Any CPU.Build.0 = Debug|Any CPU
		{539C6972-48BF-430D-AFF7-EDA5AA4CDAA2}.Debug|ARM64.ActiveCfg = Debug|Any CPU
		{539C6972-48BF-430D-AFF7-EDA5AA4CDAA2}.Debug|ARM64.Build.0 = Debug|Any CPU
		{539C6972-48BF-430D-AFF7-EDA5AA4CDAA2}.Debug|x64.ActiveCfg = Debug|Any CPU
		{539C6972-48BF-430D-AFF7-EDA5AA4CDAA2}.Debug|x64.Build.0 = Debug|Any CPU
		{539C6972-48BF-430D-AFF7-EDA5AA4CDAA2}.Debug|x86.ActiveCfg = Debug|Any CPU
		{539C6972-48BF-430D-AFF7-EDA5AA4CDAA2}.Debug|x86.Build.0 = Debug|Any CPU
		{539C6972-48BF-430D-AFF7-EDA5AA4CDAA2}.Release|Any CPU.ActiveCfg = Release|Any CPU
		{539C6972-48BF-430D-AFF7-EDA5AA4CDAA2}.Release|Any CPU.Build.0 = Release|Any CPU
		{539C6972-48BF-430D-AFF7-EDA5AA4CDAA2}.Release|ARM64.ActiveCfg = Release|Any CPU
		{539C6972-48BF-430D-AFF7-EDA5AA4CDAA2}.Release|ARM64.Build.0 = Release|Any CPU
		{539C6972-48BF-430D-AFF7-EDA5AA4CDAA2}.Release|x64.ActiveCfg = Release|Any CPU
		{539C6972-48BF-430D-AFF7-EDA5AA4CDAA2}.Release|x64.Build.0 = Release|Any CPU
		{539C6972-48BF-430D-AFF7-EDA5AA4CDAA2}.Release|x86.ActiveCfg = Release|Any CPU
		{539C6972-48BF-430D-AFF7-EDA5AA4CDAA2}.Release|x86.Build.0 = Release|Any CPU
	EndGlobalSection
	GlobalSection(SolutionProperties) = preSolution
		HideSolutionNode = FALSE
	EndGlobalSection
	GlobalSection(NestedProjects) = preSolution
		{A798C46B-515F-4E66-ACAE-5349DE0CE3AC} = {1D6CB927-3FCF-47B3-B955-8AAC8E14BD5F}
		{08274581-5DF3-432C-A13B-5F2603632BC6} = {A798C46B-515F-4E66-ACAE-5349DE0CE3AC}
		{51DC2AF4-8E79-4742-9B96-D84686E56B84} = {1D6CB927-3FCF-47B3-B955-8AAC8E14BD5F}
		{4A295BA7-B469-4BF7-998B-F12A4F0EFAF5} = {51DC2AF4-8E79-4742-9B96-D84686E56B84}
		{58C8F2EB-5F9F-42FA-A9EF-8417C2995EF6} = {BC1B522A-97E6-46A7-8279-A6530B05B7FD}
		{671D05DD-171A-4531-96DE-5A5615B16765} = {BC1B522A-97E6-46A7-8279-A6530B05B7FD}
		{3687C981-CF03-4428-B1F3-3C4B328DD9B1} = {51DC2AF4-8E79-4742-9B96-D84686E56B84}
		{539C6972-48BF-430D-AFF7-EDA5AA4CDAA2} = {51DC2AF4-8E79-4742-9B96-D84686E56B84}
	EndGlobalSection
	GlobalSection(ExtensibilityGlobals) = postSolution
		SolutionGuid = {2DD0EDEE-FDB8-4352-ADFB-0758A0B1EE10}
	EndGlobalSection
EndGlobal
